
Microsoft Visual Studio Solution File, Format Version 12.00
# Visual Studio Version 17
VisualStudioVersion = 17.11.35222.181
MinimumVisualStudioVersion = 10.0.40219.1
Project("{FAE04EC0-301F-11D3-BF4B-00C04F79EFBC}") = "HW9-PersonalWebsite", "HW9-PersonalWebsite\HW9-PersonalWebsite.csproj", "{7EDC874B-5950-48B6-8314-974BF3879385}"
EndProject
Global
	GlobalSection(SolutionConfigurationPlatforms) = preSolution
		Debug|Any CPU = Debug|Any CPU
		Release|Any CPU = Release|Any CPU
	EndGlobalSection
	GlobalSection(ProjectConfigurationPlatforms) = postSolution
		{7EDC874B-5950-48B6-8314-974BF3879385}.Debug|Any CPU.ActiveCfg = Debug|Any CPU
		{7EDC874B-5950-48B6-8314-974BF3879385}.Debug|Any CPU.Build.0 = Debug|Any CPU
		{7EDC874B-5950-48B6-8314-974BF3879385}.Release|Any CPU.ActiveCfg = Release|Any CPU
		{7EDC874B-5950-48B6-8314-974BF3879385}.Release|Any CPU.Build.0 = Release|Any CPU
	EndGlobalSection
	GlobalSection(SolutionProperties) = preSolution
		HideSolutionNode = FALSE
	EndGlobalSection
	GlobalSection(ExtensibilityGlobals) = postSolution
		SolutionGuid = {653AEF71-808D-467B-B995-00C505DC0E9D}
	EndGlobalSection
EndGlobal
